PODS:
  - Moya-Decodable (0.1.0)
  - Nimble (5.1.1)
  - Quick (1.0.0)

DEPENDENCIES:
  - Moya-Decodable (from `../`)
  - Nimble (~> 5.1.1)
  - Quick (~> 1.0.0)

EXTERNAL SOURCES:
  Moya-Decodable:
    :path: ../

SPEC CHECKSUMS:
  Moya-Decodable: 86fef7048f5f5fbf837a5dfcf79004dd654d9f3e
  Nimble: 415e3aa3267e7bc2c96b05fa814ddea7bb686a29
  Quick: 8024e4a47e6cc03a9d5245ef0948264fc6d27cff

PODFILE CHECKSUM: 342bf0fb05ac0fab7c5ce92a6b64afcd8b8d2fea

COCOAPODS: 1.2.1
